# This file is autogenerated, do not edit; changes may be undone by the next 'dep ensure'.


[[projects]]
  branch = "master"
  digest = "1:a62ed5652809849ef751c513989885ad79a104152bca9f3a8df23f38f839cb06"
  name = "github.com/bmizerany/assert"
  packages = ["."]
  pruneopts = "UT"
  revision = "b7ed37b82869576c289d7d97fb2bbd8b64a0cb28"

[[projects]]
  digest = "1:ca955a9cd5b50b0f43d2cc3aeb35c951473eeca41b34eb67507f1dbcc0542394"
  name = "github.com/kr/pretty"
  packages = ["."]
  pruneopts = "UT"
  revision = "73f6ac0b30a98e433b289500d779f50c1a6f0712"
  version = "v0.1.0"

[[projects]]
  digest = "1:15b5cc79aad436d47019f814fde81a10221c740dc8ddf769221a65097fb6c2e9"
  name = "github.com/kr/text"
  packages = ["."]
  pruneopts = "UT"
  revision = "e2ffdb16a802fe2bb95e2e35ff34f0e53aeef34f"
  version = "v0.1.0"

[[projects]]
  digest = "1:5198ae017f3c145a90a2d11cd3ea079c83e1c37cc68af44c8fa5bee201f51ab4"
  name = "github.com/visionmedia/docopt"
  packages = ["."]
  pruneopts = "UT"
  revision = "c8470e45692f168e8b380c5d625327e756d7d0a9"
  version = "v1.0.0"

[[projects]]
  digest = "1:da8d4acfde6ab8378152320f96377912e81200e5ac65232a22782163a710e5a4"
  name = "github.com/visionmedia/go-spin"
  packages = ["."]
  pruneopts = "UT"
  revision = "30574f5fadef1aa5c61d4c42e936785af9f03ada"
  version = "v1.1.0"

[[projects]]
  branch = "master"
  digest = "1:83b667f484581a24119d0bf78f5b0f1ed2b9a36a7e608db35caf1b0ce72e6277"
  name = "github.com/visionmedia/stack"
  packages = [
    "pkg/commit-log",
    "pkg/logger/interactive",
    "pkg/logger/interface",
    "pkg/logger/plain",
    "pkg/logger/tty",
    "pkg/provisioner",
    "pkg/rewriter",
  ]
  pruneopts = "UT"
  revision = "2c6f0acb86921a5b36366a5b14a391935a244dfe"

[solve-meta]
  analyzer-name = "dep"
  analyzer-version = 1
  input-imports = [
    "github.com/bmizerany/assert",
    "github.com/visionmedia/docopt",
    "github.com/visionmedia/go-spin",
    "github.com/visionmedia/stack/pkg/commit-log",
    "github.com/visionmedia/stack/pkg/logger/interactive",
    "github.com/visionmedia/stack/pkg/logger/interface",
    "github.com/visionmedia/stack/pkg/logger/plain",
    "github.com/visionmedia/stack/pkg/logger/tty",
    "github.com/visionmedia/stack/pkg/provisioner",
    "github.com/visionmedia/stack/pkg/rewriter",
  ]
  solver-name = "gps-cdcl"
  solver-version = 1
